// !$*UTF8*$!
{
	archiveVersion = 1;
	classes = {
	};
	objectVersion = 56;
	objects = {

/* Begin PBXBuildFile section */
		D6B2B8C82C8CDB53009CF62E /* MagicEffectApp.swift in Sources */ = {isa = PBXBuildFile; fileRef = D6B2B8C72C8CDB53009CF62E /* MagicEffectApp.swift */; };
		D6B2B8CA2C8CDB53009CF62E /* ContentView.swift in Sources */ = {isa = PBXBuildFile; fileRef = D6B2B8C92C8CDB53009CF62E /* ContentView.swift */; };
		D6B2B8CC2C8CDB56009CF62E /* Assets.xcassets in Resources */ = {isa = PBXBuildFile; fileRef = D6B2B8CB2C8CDB56009CF62E /* Assets.xcassets */; };
		D6B2B8CF2C8CDB56009CF62E /* Preview Assets.xcassets in Resources */ = {isa = PBXBuildFile; fileRef = D6B2B8CE2C8CDB56009CF62E /* Preview Assets.xcassets */; };
		D6B2B8D92C8CDB56009CF62E /* MagicEffectTests.swift in Sources */ = {isa = PBXBuildFile; fileRef = D6B2B8D82C8CDB56009CF62E /* MagicEffectTests.swift */; };
		D6B2B8E32C8CDB56009CF62E /* MagicEffectUITests.swift in Sources */ = {isa = PBXBuildFile; fileRef = D6B2B8E22C8CDB56009CF62E /* MagicEffectUITests.swift */; };
		D6B2B8E52C8CDB56009CF62E /* MagicEffectUITestsLaunchTests.swift in Sources */ = {isa = PBXBuildFile; fileRef = D6B2B8E42C8CDB56009CF62E /* MagicEffectUITestsLaunchTests.swift */; };
		D6B2B8F42C8CDBA4009CF62E /* MagicScene.swift in Sources */ = {isa = PBXBuildFile; fileRef = D6B2B8F32C8CDBA3009CF62E /* MagicScene.swift */; };
		D6B2B8F62C8CDC13009CF62E /* MyParticle.sks in Resources */ = {isa = PBXBuildFile; fileRef = D6B2B8F52C8CDC13009CF62E /* MyParticle.sks */; };
		D6B2B8F82C8CDCB0009CF62E /* LaunchScreen.storyboard in Resources */ = {isa = PBXBuildFile; fileRef = D6B2B8F72C8CDCB0009CF62E /* LaunchScreen.storyboard */; };
/* End PBXBuildFile section */

/* Begin PBXContainerItemProxy section */
		D6B2B8D52C8CDB56009CF62E /* PBXContainerItemProxy */ = {
			isa = PBXContainerItemProxy;
			containerPortal = D6B2B8BC2C8CDB53009CF62E /* Project object */;
			proxyType = 1;
			remoteGlobalIDString = D6B2B8C32C8CDB53009CF62E;
			remoteInfo = MagicEffect;
		};
		D6B2B8DF2C8CDB56009CF62E /* PBXContainerItemProxy */ = {
			isa = PBXContainerItemProxy;
			containerPortal = D6B2B8BC2C8CDB53009CF62E /* Project object */;
			proxyType = 1;
			remoteGlobalIDString = D6B2B8C32C8CDB53009CF62E;
			remoteInfo = MagicEffect;
		};
/* End PBXContainerItemProxy section */

/* Begin PBXFileReference section */
		D6B2B8C42C8CDB53009CF62E /* MagicEffect.app */ = {isa = PBXFileReference; explicitFileType = wrapper.application; includeInIndex = 0; path = MagicEffect.app; sourceTree = BUILT_PRODUCTS_DIR; };
		D6B2B8C72C8CDB53009CF62E /* MagicEffectApp.swift */ = {isa = PBXFileReference; lastKnownFileType = sourcecode.swift; path = MagicEffectApp.swift; sourceTree = "<group>"; };
		D6B2B8C92C8CDB53009CF62E /* ContentView.swift */ = {isa = PBXFileReference; lastKnownFileType = sourcecode.swift; path = ContentView.swift; sourceTree = "<group>"; };
		D6B2B8CB2C8CDB56009CF62E /* Assets.xcassets */ = {isa = PBXFileReference; lastKnownFileType = folder.assetcatalog; path = Assets.xcassets; sourceTree = "<group>"; };
		D6B2B8CE2C8CDB56009CF62E /* Preview Assets.xcassets */ = {isa = PBXFileReference; lastKnownFileType = folder.assetcatalog; path = "Preview Assets.xcassets"; sourceTree = "<group>"; };
		D6B2B8D42C8CDB56009CF62E /* MagicEffectTests.xctest */ = {isa = PBXFileReference; explicitFileType = wrapper.cfbundle; includeInIndex = 0; path = MagicEffectTests.xctest; sourceTree = BUILT_PRODUCTS_DIR; };
		D6B2B8D82C8CDB56009CF62E /* MagicEffectTests.swift */ = {isa = PBXFileReference; lastKnownFileType = sourcecode.swift; path = MagicEffectTests.swift; sourceTree = "<group>"; };
		D6B2B8DE2C8CDB56009CF62E /* MagicEffectUITests.xctest */ = {isa = PBXFileReference; explicitFileType = wrapper.cfbundle; includeInIndex = 0; path = MagicEffectUITests.xctest; sourceTree = BUILT_PRODUCTS_DIR; };
		D6B2B8E22C8CDB56009CF62E /* MagicEffectUITests.swift */ = {isa = PBXFileReference; lastKnownFileType = sourcecode.swift; path = MagicEffectUITests.swift; sourceTree = "<group>"; };
		D6B2B8E42C8CDB56009CF62E /* MagicEffectUITestsLaunchTests.swift */ = {isa = PBXFileReference; lastKnownFileType = sourcecode.swift; path = MagicEffectUITestsLaunchTests.swift; sourceTree = "<group>"; };
		D6B2B8F32C8CDBA3009CF62E /* MagicScene.swift */ = {isa = PBXFileReference; lastKnownFileType = sourcecode.swift; path = MagicScene.swift; sourceTree = "<group>"; };
		D6B2B8F52C8CDC13009CF62E /* MyParticle.sks */ = {isa = PBXFileReference; lastKnownFileType = file.sks; path = MyParticle.sks; sourceTree = "<group>"; };
		D6B2B8F72C8CDCB0009CF62E /* LaunchScreen.storyboard */ = {isa = PBXFileReference; lastKnownFileType = file.storyboard; path = LaunchScreen.storyboard; sourceTree = "<group>"; };
/* End PBXFileReference section */

/* Begin PBXFrameworksBuildPhase section */
		D6B2B8C12C8CDB53009CF62E /* Frameworks */ = {
			isa = PBXFrameworksBuildPhase;
			buildActionMask = 2147483647;
			files = (
			);
			runOnlyForDeploymentPostprocessing = 0;
		};
		D6B2B8D12C8CDB56009CF62E /* Frameworks */ = {
			isa = PBXFrameworksBuildPhase;
			buildActionMask = 2147483647;
			files = (
			);
			runOnlyForDeploymentPostprocessing = 0;
		};
		D6B2B8DB2C8CDB56009CF62E /* Frameworks */ = {
			isa = PBXFrameworksBuildPhase;
			buildActionMask = 2147483647;
			files = (
			);
			runOnlyForDeploymentPostprocessing = 0;
		};
/* End PBXFrameworksBuildPhase section */

/* Begin PBXGroup section */
		D6B2B8BB2C8CDB53009CF62E = {
			isa = PBXGroup;
			children = (
				D6B2B8C62C8CDB53009CF62E /* MagicEffect */,
				D6B2B8D72C8CDB56009CF62E /* MagicEffectTests */,
				D6B2B8E12C8CDB56009CF62E /* MagicEffectUITests */,
				D6B2B8C52C8CDB53009CF62E /* Products */,
			);
			sourceTree = "<group>";
		};
		D6B2B8C52C8CDB53009CF62E /* Products */ = {
			isa = PBXGroup;
			children = (
				D6B2B8C42C8CDB53009CF62E /* MagicEffect.app */,
				D6B2B8D42C8CDB56009CF62E /* MagicEffectTests.xctest */,
				D6B2B8DE2C8CDB56009CF62E /* MagicEffectUITests.xctest */,
			);
			name = Products;
			sourceTree = "<group>";
		};
		D6B2B8C62C8CDB53009CF62E /* MagicEffect */ = {
			isa = PBXGroup;
			children = (
				D6B2B8C72C8CDB53009CF62E /* MagicEffectApp.swift */,
				D6B2B8C92C8CDB53009CF62E /* ContentView.swift */,
				D6B2B8CB2C8CDB56009CF62E /* Assets.xcassets */,
				D6B2B8CD2C8CDB56009CF62E /* Preview Content */,
				D6B2B8F32C8CDBA3009CF62E /* MagicScene.swift */,
				D6B2B8F52C8CDC13009CF62E /* MyParticle.sks */,
				D6B2B8F72C8CDCB0009CF62E /* LaunchScreen.storyboard */,
			);
			path = MagicEffect;
			sourceTree = "<group>";
		};
		D6B2B8CD2C8CDB56009CF62E /* Preview Content */ = {
			isa = PBXGroup;
			children = (
				D6B2B8CE2C8CDB56009CF62E /* Preview Assets.xcassets */,
			);
			path = "Preview Content";
			sourceTree = "<group>";
		};
		D6B2B8D72C8CDB56009CF62E /* MagicEffectTests */ = {
			isa = PBXGroup;
			children = (
				D6B2B8D82C8CDB56009CF62E /* MagicEffectTests.swift */,
			);
			path = MagicEffectTests;
			sourceTree = "<group>";
		};
		D6B2B8E12C8CDB56009CF62E /* MagicEffectUITests */ = {
			isa = PBXGroup;
			children = (
				D6B2B8E22C8CDB56009CF62E /* MagicEffectUITests.swift */,
				D6B2B8E42C8CDB56009CF62E /* MagicEffectUITestsLaunchTests.swift */,
			);
			path = MagicEffectUITests;
			sourceTree = "<group>";
		};
/* End PBXGroup section */

/* Begin PBXNativeTarget section */
		D6B2B8C32C8CDB53009CF62E /* MagicEffect */ = {
			isa = PBXNativeTarget;
			buildConfigurationList = D6B2B8E82C8CDB56009CF62E /* Build configuration list for PBXNativeTarget "MagicEffect" */;
			buildPhases = (
				D6B2B8C02C8CDB53009CF62E /* Sources */,
				D6B2B8C12C8CDB53009CF62E /* Frameworks */,
				D6B2B8C22C8CDB53009CF62E /* Resources */,
			);
			buildRules = (
			);
			dependencies = (
			);
			name = MagicEffect;
			productName = MagicEffect;
			productReference = D6B2B8C42C8CDB53009CF62E /* MagicEffect.app */;
			productType = "com.apple.product-type.application";
		};
		D6B2B8D32C8CDB56009CF62E /* MagicEffectTests */ = {
			isa = PBXNativeTarget;
			buildConfigurationList = D6B2B8EB2C8CDB56009CF62E /* Build configuration list for PBXNativeTarget "MagicEffectTests" */;
			buildPhases = (
				D6B2B8D02C8CDB56009CF62E /* Sources */,
				D6B2B8D12C8CDB56009CF62E /* Frameworks */,
				D6B2B8D22C8CDB56009CF62E /* Resources */,
			);
			buildRules = (
			);
			dependencies = (
				D6B2B8D62C8CDB56009CF62E /* PBXTargetDependency */,
			);
			name = MagicEffectTests;
			productName = MagicEffectTests;
			productReference = D6B2B8D42C8CDB56009CF62E /* MagicEffectTests.xctest */;
			productType = "com.apple.product-type.bundle.unit-test";
		};
		D6B2B8DD2C8CDB56009CF62E /* MagicEffectUITests */ = {
			isa = PBXNativeTarget;
			buildConfigurationList = D6B2B8EE2C8CDB56009CF62E /* Build configuration list for PBXNativeTarget "MagicEffectUITests" */;
			buildPhases = (
				D6B2B8DA2C8CDB56009CF62E /* Sources */,
				D6B2B8DB2C8CDB56009CF62E /* Frameworks */,
				D6B2B8DC2C8CDB56009CF62E /* Resources */,
			);
			buildRules = (
			);
			dependencies = (
				D6B2B8E02C8CDB56009CF62E /* PBXTargetDependency */,
			);
			name = MagicEffectUITests;
			productName = MagicEffectUITests;
			productReference = D6B2B8DE2C8CDB56009CF62E /* MagicEffectUITests.xctest */;
			productType = "com.apple.product-type.bundle.ui-testing";
		};
/* End PBXNativeTarget section */

/* Begin PBXProject section */
		D6B2B8BC2C8CDB53009CF62E /* Project object */ = {
			isa = PBXProject;
			attributes = {
				BuildIndependentTargetsInParallel = 1;
				LastSwiftUpdateCheck = 1540;
				LastUpgradeCheck = 1540;
				TargetAttributes = {
					D6B2B8C32C8CDB53009CF62E = {
						CreatedOnToolsVersion = 15.4;
					};
					D6B2B8D32C8CDB56009CF62E = {
						CreatedOnToolsVersion = 15.4;
						TestTargetID = D6B2B8C32C8CDB53009CF62E;
					};
					D6B2B8DD2C8CDB56009CF62E = {
						CreatedOnToolsVersion = 15.4;
						TestTargetID = D6B2B8C32C8CDB53009CF62E;
					};
				};
			};
			buildConfigurationList = D6B2B8BF2C8CDB53009CF62E /* Build configuration list for PBXProject "MagicEffect" */;
			compatibilityVersion = "Xcode 14.0";
			developmentRegion = en;
			hasScannedForEncodings = 0;
			knownRegions = (
				en,
				Base,
			);
			mainGroup = D6B2B8BB2C8CDB53009CF62E;
			productRefGroup = D6B2B8C52C8CDB53009CF62E /* Products */;
			projectDirPath = "";
			projectRoot = "";
			targets = (
				D6B2B8C32C8CDB53009CF62E /* MagicEffect */,
				D6B2B8D32C8CDB56009CF62E /* MagicEffectTests */,
				D6B2B8DD2C8CDB56009CF62E /* MagicEffectUITests */,
			);
		};
/* End PBXProject section */

/* Begin PBXResourcesBuildPhase section */
		D6B2B8C22C8CDB53009CF62E /* Resources */ = {
			isa = PBXResourcesBuildPhase;
			buildActionMask = 2147483647;
			files = (
				D6B2B8CF2C8CDB56009CF62E /* Preview Assets.xcassets in Resources */,
				D6B2B8F82C8CDCB0009CF62E /* LaunchScreen.storyboard in Resources */,
				D6B2B8F62C8CDC13009CF62E /* MyParticle.sks in Resources */,
				D6B2B8CC2C8CDB56009CF62E /* Assets.xcassets in Resources */,
			);
			runOnlyForDeploymentPostprocessing = 0;
		};
		D6B2B8D22C8CDB56009CF62E /* Resources */ = {
			isa = PBXResourcesBuildPhase;
			buildActionMask = 2147483647;
			files = (
			);
			runOnlyForDeploymentPostprocessing = 0;
		};
		D6B2B8DC2C8CDB56009CF62E /* Resources */ = {
			isa = PBXResourcesBuildPhase;
			buildActionMask = 2147483647;
			files = (
			);
			runOnlyForDeploymentPostprocessing = 0;
		};
/* End PBXResourcesBuildPhase section */

/* Begin PBXSourcesBuildPhase section */
		D6B2B8C02C8CDB53009CF62E /* Sources */ = {
			isa = PBXSourcesBuildPhase;
			buildActionMask = 2147483647;
			files = (
				D6B2B8CA2C8CDB53009CF62E /* ContentView.swift in Sources */,
				D6B2B8F42C8CDBA4009CF62E /* MagicScene.swift in Sources */,
				D6B2B8C82C8CDB53009CF62E /* MagicEffectApp.swift in Sources */,
			);
			runOnlyForDeploymentPostprocessing = 0;
		};
		D6B2B8D02C8CDB56009CF62E /* Sources */ = {
			isa = PBXSourcesBuildPhase;
			buildActionMask = 2147483647;
			files = (
				D6B2B8D92C8CDB56009CF62E /* MagicEffectTests.swift in Sources */,
			);
			runOnlyForDeploymentPostprocessing = 0;
		};
		D6B2B8DA2C8CDB56009CF62E /* Sources */ = {
			isa = PBXSourcesBuildPhase;
			buildActionMask = 2147483647;
			files = (
				D6B2B8E32C8CDB56009CF62E /* MagicEffectUITests.swift in Sources */,
				D6B2B8E52C8CDB56009CF62E /* MagicEffectUITestsLaunchTests.swift in Sources */,
			);
			runOnlyForDeploymentPostprocessing = 0;
		};
/* End PBXSourcesBuildPhase section */

/* Begin PBXTargetDependency section */
		D6B2B8D62C8CDB56009CF62E /* PBXTargetDependency */ = {
			isa = PBXTargetDependency;
			target = D6B2B8C32C8CDB53009CF62E /* MagicEffect */;
			targetProxy = D6B2B8D52C8CDB56009CF62E /* PBXContainerItemProxy */;
		};
		D6B2B8E02C8CDB56009CF62E /* PBXTargetDependency */ = {
			isa = PBXTargetDependency;
			target = D6B2B8C32C8CDB53009CF62E /* MagicEffect */;
			targetProxy = D6B2B8DF2C8CDB56009CF62E /* PBXContainerItemProxy */;
		};
/* End PBXTargetDependency section */

/* Begin XCBuildConfiguration section */
		D6B2B8E62C8CDB56009CF62E /* Debug */ = {
			isa = XCBuildConfiguration;
			buildSettings = {
				ALWAYS_SEARCH_USER_PATHS = NO;
				ASSETCATALOG_COMPILER_GENERATE_SWIFT_ASSET_SYMBOL_EXTENSIONS = YES;
				CLANG_ANALYZER_NONNULL = YES;
				CLANG_ANALYZER_NUMBER_OBJECT_CONVERSION = YES_AGGRESSIVE;
				CLANG_CXX_LANGUAGE_STANDARD = "gnu++20";
				CLANG_ENABLE_MODULES = YES;
				CLANG_ENABLE_OBJC_ARC = YES;
				CLANG_ENABLE_OBJC_WEAK = YES;
				CLANG_WARN_BLOCK_CAPTURE_AUTORELEASING = YES;
				CLANG_WARN_BOOL_CONVERSION = YES;
				CLANG_WARN_COMMA = YES;
				CLANG_WARN_CONSTANT_CONVERSION = YES;
				CLANG_WARN_DEPRECATED_OBJC_IMPLEMENTATIONS = YES;
				CLANG_WARN_DIRECT_OBJC_ISA_USAGE = YES_ERROR;
				CLANG_WARN_DOCUMENTATION_COMMENTS = YES;
				CLANG_WARN_EMPTY_BODY = YES;
				CLANG_WARN_ENUM_CONVERSION = YES;
				CLANG_WARN_INFINITE_RECURSION = YES;
				CLANG_WARN_INT_CONVERSION = YES;
				CLANG_WARN_NON_LITERAL_NULL_CONVERSION = YES;
				CLANG_WARN_OBJC_IMPLICIT_RETAIN_SELF = YES;
				CLANG_WARN_OBJC_LITERAL_CONVERSION = YES;
				CLANG_WARN_OBJC_ROOT_CLASS = YES_ERROR;
				CLANG_WARN_QUOTED_INCLUDE_IN_FRAMEWORK_HEADER = YES;
				CLANG_WARN_RANGE_LOOP_ANALYSIS = YES;
				CLANG_WARN_STRICT_PROTOTYPES = YES;
				CLANG_WARN_SUSPICIOUS_MOVE = YES;
				CLANG_WARN_UNGUARDED_AVAILABILITY = YES_AGGRESSIVE;
				CLANG_WARN_UNREACHABLE_CODE = YES;
				CLANG_WARN__DUPLICATE_METHOD_MATCH = YES;
				COPY_PHASE_STRIP = NO;
				DEBUG_INFORMATION_FORMAT = dwarf;
				ENABLE_STRICT_OBJC_MSGSEND = YES;
				ENABLE_TESTABILITY = YES;
				ENABLE_USER_SCRIPT_SANDBOXING = YES;
				GCC_C_LANGUAGE_STANDARD = gnu17;
				GCC_DYNAMIC_NO_PIC = NO;
				GCC_NO_COMMON_BLOCKS = YES;
				GCC_OPTIMIZATION_LEVEL = 0;
				GCC_PREPROCESSOR_DEFINITIONS = (
					"DEBUG=1",
					"$(inherited)",
				);
				GCC_WARN_64_TO_32_BIT_CONVERSION = YES;
				GCC_WARN_ABOUT_RETURN_TYPE = YES_ERROR;
				GCC_WARN_UNDECLARED_SELECTOR = YES;
				GCC_WARN_UNINITIALIZED_AUTOS = YES_AGGRESSIVE;
				GCC_WARN_UNUSED_FUNCTION = YES;
				GCC_WARN_UNUSED_VARIABLE = YES;
				IPHONEOS_DEPLOYMENT_TARGET = 17.5;
				LOCALIZATION_PREFERS_STRING_CATALOGS = YES;
				MTL_ENABLE_DEBUG_INFO = INCLUDE_SOURCE;
				MTL_FAST_MATH = YES;
				ONLY_ACTIVE_ARCH = YES;
				SDKROOT = iphoneos;
				SWIFT_ACTIVE_COMPILATION_CONDITIONS = "DEBUG $(inherited)";
				SWIFT_OPTIMIZATION_LEVEL = "-Onone";
			};
			name = Debug;
		};
		D6B2B8E72C8CDB56009CF62E /* Release */ = {
			isa = XCBuildConfiguration;
			buildSettings = {
				ALWAYS_SEARCH_USER_PATHS = NO;
				ASSETCATALOG_COMPILER_GENERATE_SWIFT_ASSET_SYMBOL_EXTENSIONS = YES;
				CLANG_ANALYZER_NONNULL = YES;
				CLANG_ANALYZER_NUMBER_OBJECT_CONVERSION = YES_AGGRESSIVE;
				CLANG_CXX_LANGUAGE_STANDARD = "gnu++20";
				CLANG_ENABLE_MODULES = YES;
				CLANG_ENABLE_OBJC_ARC = YES;
				CLANG_ENABLE_OBJC_WEAK = YES;
				CLANG_WARN_BLOCK_CAPTURE_AUTORELEASING = YES;
				CLANG_WARN_BOOL_CONVERSION = YES;
				CLANG_WARN_COMMA = YES;
				CLANG_WARN_CONSTANT_CONVERSION = YES;
				CLANG_WARN_DEPRECATED_OBJC_IMPLEMENTATIONS = YES;
				CLANG_WARN_DIRECT_OBJC_ISA_USAGE = YES_ERROR;
				CLANG_WARN_DOCUMENTATION_COMMENTS = YES;
				CLANG_WARN_EMPTY_BODY = YES;
				CLANG_WARN_ENUM_CONVERSION = YES;
				CLANG_WARN_INFINITE_RECURSION = YES;
				CLANG_WARN_INT_CONVERSION = YES;
				CLANG_WARN_NON_LITERAL_NULL_CONVERSION = YES;
				CLANG_WARN_OBJC_IMPLICIT_RETAIN_SELF = YES;
				CLANG_WARN_OBJC_LITERAL_CONVERSION = YES;
				CLANG_WARN_OBJC_ROOT_CLASS = YES_ERROR;
				CLANG_WARN_QUOTED_INCLUDE_IN_FRAMEWORK_HEADER = YES;
				CLANG_WARN_RANGE_LOOP_ANALYSIS = YES;
				CLANG_WARN_STRICT_PROTOTYPES = YES;
				CLANG_WARN_SUSPICIOUS_MOVE = YES;
				CLANG_WARN_UNGUARDED_AVAILABILITY = YES_AGGRESSIVE;
				CLANG_WARN_UNREACHABLE_CODE = YES;
				CLANG_WARN__DUPLICATE_METHOD_MATCH = YES;
				COPY_PHASE_STRIP = NO;
				DEBUG_INFORMATION_FORMAT = "dwarf-with-dsym";
				ENABLE_NS_ASSERTIONS = NO;
				ENABLE_STRICT_OBJC_MSGSEND = YES;
				ENABLE_USER_SCRIPT_SANDBOXING = YES;
				GCC_C_LANGUAGE_STANDARD = gnu17;
				GCC_NO_COMMON_BLOCKS = YES;
				GCC_WARN_64_TO_32_BIT_CONVERSION = YES;
				GCC_WARN_ABOUT_RETURN_TYPE = YES_ERROR;
				GCC_WARN_UNDECLARED_SELECTOR = YES;
				GCC_WARN_UNINITIALIZED_AUTOS = YES_AGGRESSIVE;
				GCC_WARN_UNUSED_FUNCTION = YES;
				GCC_WARN_UNUSED_VARIABLE = YES;
				IPHONEOS_DEPLOYMENT_TARGET = 17.5;
				LOCALIZATION_PREFERS_STRING_CATALOGS = YES;
				MTL_ENABLE_DEBUG_INFO = NO;
				MTL_FAST_MATH = YES;
				SDKROOT = iphoneos;
				SWIFT_COMPILATION_MODE = wholemodule;
				VALIDATE_PRODUCT = YES;
			};
			name = Release;
		};
		D6B2B8E92C8CDB56009CF62E /* Debug */ = {
			isa = XCBuildConfiguration;
			buildSettings = {
				ASSETCATALOG_COMPILER_APPICON_NAME = AppIcon;
				ASSETCATALOG_COMPILER_GLOBAL_ACCENT_COLOR_NAME = AccentColor;
				CODE_SIGN_STYLE = Automatic;
				CURRENT_PROJECT_VERSION = 1;
				DEVELOPMENT_ASSET_PATHS = "\"MagicEffect/Preview Content\"";
				DEVELOPMENT_TEAM = K6LJCT8RAA;
				ENABLE_PREVIEWS = YES;
				GENERATE_INFOPLIST_FILE = YES;
				INFOPLIST_KEY_UIApplicationSceneManifest_Generation = YES;
				INFOPLIST_KEY_UIApplicationSupportsIndirectInputEvents = YES;
				INFOPLIST_KEY_UILaunchScreen_Generation = YES;
				INFOPLIST_KEY_UILaunchStoryboardName = LaunchScreen.storyboard;
				INFOPLIST_KEY_UISupportedInterfaceOrientations_iPad = "UIInterfaceOrientationPortrait UIInterfaceOrientationPortraitUpsideDown UIInterfaceOrientationLandscapeLeft UIInterfaceOrientationLandscapeRight";
				INFOPLIST_KEY_UISupportedInterfaceOrientations_iPhone = "UIInterfaceOrientationPortrait UIInterfaceOrientationLandscapeLeft UIInterfaceOrientationLandscapeRight";
				LD_RUNPATH_SEARCH_PATHS = (
					"$(inherited)",
					"@executable_path/Frameworks",
				);
				MARKETING_VERSION = 1.0;
				PRODUCT_BUNDLE_IDENTIFIER = com.template.MagicEffect;
				PRODUCT_NAME = "$(TARGET_NAME)";
				SWIFT_EMIT_LOC_STRINGS = YES;
				SWIFT_VERSION = 5.0;
				TARGETED_DEVICE_FAMILY = "1,2";
			};
			name = Debug;
		};
		D6B2B8EA2C8CDB56009CF62E /* Release */ = {
			isa = XCBuildConfiguration;
			buildSettings = {
				ASSETCATALOG_COMPILER_APPICON_NAME = AppIcon;
				ASSETCATALOG_COMPILER_GLOBAL_ACCENT_COLOR_NAME = AccentColor;
				CODE_SIGN_STYLE = Automatic;
				CURRENT_PROJECT_VERSION = 1;
				DEVELOPMENT_ASSET_PATHS = "\"MagicEffect/Preview Content\"";
				DEVELOPMENT_TEAM = K6LJCT8RAA;
				ENABLE_PREVIEWS = YES;
				GENERATE_INFOPLIST_FILE = YES;
				INFOPLIST_KEY_UIApplicationSceneManifest_Generation = YES;
				INFOPLIST_KEY_UIApplicationSupportsIndirectInputEvents = YES;
				INFOPLIST_KEY_UILaunchScreen_Generation = YES;
				INFOPLIST_KEY_UILaunchStoryboardName = LaunchScreen.storyboard;
				INFOPLIST_KEY_UISupportedInterfaceOrientations_iPad = "UIInterfaceOrientationPortrait UIInterfaceOrientationPortraitUpsideDown UIInterfaceOrientationLandscapeLeft UIInterfaceOrientationLandscapeRight";
				INFOPLIST_KEY_UISupportedInterfaceOrientations_iPhone = "UIInterfaceOrientationPortrait UIInterfaceOrientationLandscapeLeft UIInterfaceOrientationLandscapeRight";
				LD_RUNPATH_SEARCH_PATHS = (
					"$(inherited)",
					"@executable_path/Frameworks",
				);
				MARKETING_VERSION = 1.0;
				PRODUCT_BUNDLE_IDENTIFIER = com.template.MagicEffect;
				PRODUCT_NAME = "$(TARGET_NAME)";
				SWIFT_EMIT_LOC_STRINGS = YES;
				SWIFT_VERSION = 5.0;
				TARGETED_DEVICE_FAMILY = "1,2";
			};
			name = Release;
		};
		D6B2B8EC2C8CDB56009CF62E /* Debug */ = {
			isa = XCBuildConfiguration;
			buildSettings = {
				ALWAYS_EMBED_SWIFT_STANDARD_LIBRARIES = YES;
				BUNDLE_LOADER = "$(TEST_HOST)";
				CODE_SIGN_STYLE = Automatic;
				CURRENT_PROJECT_VERSION = 1;
				DEVELOPMENT_TEAM = K6LJCT8RAA;
				GENERATE_INFOPLIST_FILE = YES;
				IPHONEOS_DEPLOYMENT_TARGET = 17.5;
				MARKETING_VERSION = 1.0;
				PRODUCT_BUNDLE_IDENTIFIER = com.template.MagicEffectTests;
				PRODUCT_NAME = "$(TARGET_NAME)";
				SWIFT_EMIT_LOC_STRINGS = NO;
				SWIFT_VERSION = 5.0;
				TARGETED_DEVICE_FAMILY = "1,2";
				TEST_HOST = "$(BUILT_PRODUCTS_DIR)/MagicEffect.app/$(BUNDLE_EXECUTABLE_FOLDER_PATH)/MagicEffect";
			};
			name = Debug;
		};
		D6B2B8ED2C8CDB56009CF62E /* Release */ = {
			isa = XCBuildConfiguration;
			buildSettings = {
				ALWAYS_EMBED_SWIFT_STANDARD_LIBRARIES = YES;
				BUNDLE_LOADER = "$(TEST_HOST)";
				CODE_SIGN_STYLE = Automatic;
				CURRENT_PROJECT_VERSION = 1;
				DEVELOPMENT_TEAM = K6LJCT8RAA;
				GENERATE_INFOPLIST_FILE = YES;
				IPHONEOS_DEPLOYMENT_TARGET = 17.5;
				MARKETING_VERSION = 1.0;
				PRODUCT_BUNDLE_IDENTIFIER = com.template.MagicEffectTests;
				PRODUCT_NAME = "$(TARGET_NAME)";
				SWIFT_EMIT_LOC_STRINGS = NO;
				SWIFT_VERSION = 5.0;
				TARGETED_DEVICE_FAMILY = "1,2";
				TEST_HOST = "$(BUILT_PRODUCTS_DIR)/MagicEffect.app/$(BUNDLE_EXECUTABLE_FOLDER_PATH)/MagicEffect";
			};
			name = Release;
		};
		D6B2B8EF2C8CDB56009CF62E /* Debug */ = {
			isa = XCBuildConfiguration;
			buildSettings = {
				ALWAYS_EMBED_SWIFT_STANDARD_LIBRARIES = YES;
				CODE_SIGN_STYLE = Automatic;
				CURRENT_PROJECT_VERSION = 1;
				DEVELOPMENT_TEAM = K6LJCT8RAA;
				GENERATE_INFOPLIST_FILE = YES;
				MARKETING_VERSION = 1.0;
				PRODUCT_BUNDLE_IDENTIFIER = com.template.MagicEffectUITests;
				PRODUCT_NAME = "$(TARGET_NAME)";
				SWIFT_EMIT_LOC_STRINGS = NO;
				SWIFT_VERSION = 5.0;
				TARGETED_DEVICE_FAMILY = "1,2";
				TEST_TARGET_NAME = MagicEffect;
			};
			name = Debug;
		};
		D6B2B8F02C8CDB56009CF62E /* Release */ = {
			isa = XCBuildConfiguration;
			buildSettings = {
				ALWAYS_EMBED_SWIFT_STANDARD_LIBRARIES = YES;
				CODE_SIGN_STYLE = Automatic;
				CURRENT_PROJECT_VERSION = 1;
				DEVELOPMENT_TEAM = K6LJCT8RAA;
				GENERATE_INFOPLIST_FILE = YES;
				MARKETING_VERSION = 1.0;
				PRODUCT_BUNDLE_IDENTIFIER = com.template.MagicEffectUITests;
				PRODUCT_NAME = "$(TARGET_NAME)";
				SWIFT_EMIT_LOC_STRINGS = NO;
				SWIFT_VERSION = 5.0;
				TARGETED_DEVICE_FAMILY = "1,2";
				TEST_TARGET_NAME = MagicEffect;
			};
			name = Release;
		};
/* End XCBuildConfiguration section */

/* Begin XCConfigurationList section */
		D6B2B8BF2C8CDB53009CF62E /* Build configuration list for PBXProject "MagicEffect" */ = {
			isa = XCConfigurationList;
			buildConfigurations = (
				D6B2B8E62C8CDB56009CF62E /* Debug */,
				D6B2B8E72C8CDB56009CF62E /* Release */,
			);
			defaultConfigurationIsVisible = 0;
			defaultConfigurationName = Release;
		};
		D6B2B8E82C8CDB56009CF62E /* Build configuration list for PBXNativeTarget "MagicEffect" */ = {
			isa = XCConfigurationList;
			buildConfigurations = (
				D6B2B8E92C8CDB56009CF62E /* Debug */,
				D6B2B8EA2C8CDB56009CF62E /* Release */,
			);
			defaultConfigurationIsVisible = 0;
			defaultConfigurationName = Release;
		};
		D6B2B8EB2C8CDB56009CF62E /* Build configuration list for PBXNativeTarget "MagicEffectTests" */ = {
			isa = XCConfigurationList;
			buildConfigurations = (
				D6B2B8EC2C8CDB56009CF62E /* Debug */,
				D6B2B8ED2C8CDB56009CF62E /* Release */,
			);
			defaultConfigurationIsVisible = 0;
			defaultConfigurationName = Release;
		};
		D6B2B8EE2C8CDB56009CF62E /* Build configuration list for PBXNativeTarget "MagicEffectUITests" */ = {
			isa = XCConfigurationList;
			buildConfigurations = (
				D6B2B8EF2C8CDB56009CF62E /* Debug */,
				D6B2B8F02C8CDB56009CF62E /* Release */,
			);
			defaultConfigurationIsVisible = 0;
			defaultConfigurationName = Release;
		};
/* End XCConfigurationList section */
	};
	rootObject = D6B2B8BC2C8CDB53009CF62E /* Project object */;
}
